PODS:
  - TvOSCustomizableTableViewCell (1.1.1):
    - ZattooGradientView (~> 1.0.0)
  - ZattooGradientView (1.0.0)

DEPENDENCIES:
  - TvOSCustomizableTableViewCell (from `..`)

SPEC REPOS:
  https://github.com/cocoapods/specs.git:
    - ZattooGradientView

EXTERNAL SOURCES:
  TvOSCustomizableTableViewCell:
    :path: ".."

SPEC CHECKSUMS:
  TvOSCustomizableTableViewCell: a844ed7f55dc509166aaa39eaba3c246730e9ac5
  ZattooGradientView: 5ef6c93d60e080e7335d4e144d2ea7b623aa9b52

PODFILE CHECKSUM: 787cd29470529b46f6e28bb6ae4b8ba5d433ae49

COCOAPODS: 1.7.5
