PODS:
  - TvOSCustomizableTableViewCell (1.1.1):
    - ZattooGradientView (~> 1.0.0)
  - ZattooGradientView (1.0.0)

DEPENDENCIES:
  - TvOSCustomizableTableViewCell (from `..`)

SPEC REPOS:
  https://github.com/CocoaPods/Specs.git:
    - ZattooGradientView

EXTERNAL SOURCES:
  TvOSCustomizableTableViewCell:
    :path: ".."

SPEC CHECKSUMS:
  TvOSCustomizableTableViewCell: 98fba7a5106bd193f2e84de85772b9a27ff31bca
  ZattooGradientView: 5ef6c93d60e080e7335d4e144d2ea7b623aa9b52

PODFILE CHECKSUM: 787cd29470529b46f6e28bb6ae4b8ba5d433ae49

COCOAPODS: 1.8.4
